// !$*UTF8*$!
{
	archiveVersion = 1;
	classes = {
	};
	objectVersion = 56;
	objects = {

/* Begin PBXBuildFile section */
		01FF37DF2C4B8327004F5F3A /* AppDelegate.swift in Sources */ = {isa = PBXBuildFile; fileRef = 01FF37DE2C4B8327004F5F3A /* AppDelegate.swift */; };
		01FF37E12C4B8327004F5F3A /* SceneDelegate.swift in Sources */ = {isa = PBXBuildFile; fileRef = 01FF37E02C4B8327004F5F3A /* SceneDelegate.swift */; };
		01FF37E32C4B8327004F5F3A /* SettingsViewController.swift in Sources */ = {isa = PBXBuildFile; fileRef = 01FF37E22C4B8327004F5F3A /* SettingsViewController.swift */; };
		01FF37E82C4B8328004F5F3A /* Assets.xcassets in Resources */ = {isa = PBXBuildFile; fileRef = 01FF37E72C4B8328004F5F3A /* Assets.xcassets */; };
		01FF37EB2C4B8328004F5F3A /* Base in Resources */ = {isa = PBXBuildFile; fileRef = 01FF37EA2C4B8328004F5F3A /* Base */; };
		01FF37F32C4B8AC2004F5F3A /* BaseViewController.swift in Sources */ = {isa = PBXBuildFile; fileRef = 01FF37F22C4B8AC2004F5F3A /* BaseViewController.swift */; };
		01FF37F62C4B946C004F5F3A /* SettingsItem.swift in Sources */ = {isa = PBXBuildFile; fileRef = 01FF37F52C4B946C004F5F3A /* SettingsItem.swift */; };
		01FF37FA2C4B9519004F5F3A /* SettingsViewModel.swift in Sources */ = {isa = PBXBuildFile; fileRef = 01FF37F92C4B9519004F5F3A /* SettingsViewModel.swift */; };
		01FF37FC2C4B959F004F5F3A /* Observable.swift in Sources */ = {isa = PBXBuildFile; fileRef = 01FF37FB2C4B959F004F5F3A /* Observable.swift */; };
		01FF37FF2C4B9F3C004F5F3A /* SnapKit in Frameworks */ = {isa = PBXBuildFile; productRef = 01FF37FE2C4B9F3C004F5F3A /* SnapKit */; };
/* End PBXBuildFile section */

/* Begin PBXFileReference section */
		01FF37DB2C4B8327004F5F3A /* Setting.app */ = {isa = PBXFileReference; explicitFileType = wrapper.application; includeInIndex = 0; path = Setting.app; sourceTree = BUILT_PRODUCTS_DIR; };
		01FF37DE2C4B8327004F5F3A /* AppDelegate.swift */ = {isa = PBXFileReference; lastKnownFileType = sourcecode.swift; path = AppDelegate.swift; sourceTree = "<group>"; };
		01FF37E02C4B8327004F5F3A /* SceneDelegate.swift */ = {isa = PBXFileReference; lastKnownFileType = sourcecode.swift; path = SceneDelegate.swift; sourceTree = "<group>"; };
		01FF37E22C4B8327004F5F3A /* SettingsViewController.swift */ = {isa = PBXFileReference; lastKnownFileType = sourcecode.swift; path = SettingsViewController.swift; sourceTree = "<group>"; };
		01FF37E72C4B8328004F5F3A /* Assets.xcassets */ = {isa = PBXFileReference; lastKnownFileType = folder.assetcatalog; path = Assets.xcassets; sourceTree = "<group>"; };
		01FF37EA2C4B8328004F5F3A /* Base */ = {isa = PBXFileReference; lastKnownFileType = file.storyboard; name = Base; path = Base.lproj/LaunchScreen.storyboard; sourceTree = "<group>"; };
		01FF37EC2C4B8328004F5F3A /* Info.plist */ = {isa = PBXFileReference; lastKnownFileType = text.plist.xml; path = Info.plist; sourceTree = "<group>"; };
		01FF37F22C4B8AC2004F5F3A /* BaseViewController.swift */ = {isa = PBXFileReference; lastKnownFileType = sourcecode.swift; path = BaseViewController.swift; sourceTree = "<group>"; };
		01FF37F52C4B946C004F5F3A /* SettingsItem.swift */ = {isa = PBXFileReference; lastKnownFileType = sourcecode.swift; path = SettingsItem.swift; sourceTree = "<group>"; };
		01FF37F92C4B9519004F5F3A /* SettingsViewModel.swift */ = {isa = PBXFileReference; lastKnownFileType = sourcecode.swift; path = SettingsViewModel.swift; sourceTree = "<group>"; };
		01FF37FB2C4B959F004F5F3A /* Observable.swift */ = {isa = PBXFileReference; lastKnownFileType = sourcecode.swift; path = Observable.swift; sourceTree = "<group>"; };
/* End PBXFileReference section */

/* Begin PBXFrameworksBuildPhase section */
		01FF37D82C4B8327004F5F3A /* Frameworks */ = {
			isa = PBXFrameworksBuildPhase;
			buildActionMask = 2147483647;
			files = (
				01FF37FF2C4B9F3C004F5F3A /* SnapKit in Frameworks */,
			);
			runOnlyForDeploymentPostprocessing = 0;
		};
/* End PBXFrameworksBuildPhase section */

/* Begin PBXGroup section */
		01FF37D22C4B8327004F5F3A = {
			isa = PBXGroup;
			children = (
				01FF37DD2C4B8327004F5F3A /* Setting */,
				01FF37DC2C4B8327004F5F3A /* Products */,
			);
			sourceTree = "<group>";
		};
		01FF37DC2C4B8327004F5F3A /* Products */ = {
			isa = PBXGroup;
			children = (
				01FF37DB2C4B8327004F5F3A /* Setting.app */,
			);
			name = Products;
			sourceTree = "<group>";
		};
		01FF37DD2C4B8327004F5F3A /* Setting */ = {
			isa = PBXGroup;
			children = (
				01FF37DE2C4B8327004F5F3A /* AppDelegate.swift */,
				01FF37E02C4B8327004F5F3A /* SceneDelegate.swift */,
				01FF37F22C4B8AC2004F5F3A /* BaseViewController.swift */,
				01FF37E22C4B8327004F5F3A /* SettingsViewController.swift */,
				01FF37F92C4B9519004F5F3A /* SettingsViewModel.swift */,
				01FF37F52C4B946C004F5F3A /* SettingsItem.swift */,
				01FF37FB2C4B959F004F5F3A /* Observable.swift */,
				01FF37E72C4B8328004F5F3A /* Assets.xcassets */,
				01FF37E92C4B8328004F5F3A /* LaunchScreen.storyboard */,
				01FF37EC2C4B8328004F5F3A /* Info.plist */,
			);
			path = Setting;
			sourceTree = "<group>";
		};
/* End PBXGroup section */

/* Begin PBXNativeTarget section */
		01FF37DA2C4B8327004F5F3A /* Setting */ = {
			isa = PBXNativeTarget;
			buildConfigurationList = 01FF37EF2C4B8328004F5F3A /* Build configuration list for PBXNativeTarget "Setting" */;
			buildPhases = (
				01FF37D72C4B8327004F5F3A /* Sources */,
				01FF37D82C4B8327004F5F3A /* Frameworks */,
				01FF37D92C4B8327004F5F3A /* Resources */,
			);
			buildRules = (
			);
			dependencies = (
			);
			name = Setting;
			packageProductDependencies = (
				01FF37FE2C4B9F3C004F5F3A /* SnapKit */,
			);
			productName = Setting;
			productReference = 01FF37DB2C4B8327004F5F3A /* Setting.app */;
			productType = "com.apple.product-type.application";
		};
/* End PBXNativeTarget section */

/* Begin PBXProject section */
		01FF37D32C4B8327004F5F3A /* Project object */ = {
			isa = PBXProject;
			attributes = {
				BuildIndependentTargetsInParallel = 1;
				LastSwiftUpdateCheck = 1530;
				LastUpgradeCheck = 1530;
				TargetAttributes = {
					01FF37DA2C4B8327004F5F3A = {
						CreatedOnToolsVersion = 15.3;
					};
				};
			};
			buildConfigurationList = 01FF37D62C4B8327004F5F3A /* Build configuration list for PBXProject "Setting" */;
			compatibilityVersion = "Xcode 14.0";
			developmentRegion = en;
			hasScannedForEncodings = 0;
			knownRegions = (
				en,
				Base,
			);
			mainGroup = 01FF37D22C4B8327004F5F3A;
			packageReferences = (
				01FF37FD2C4B9F3C004F5F3A /* XCRemoteSwiftPackageReference "SnapKit" */,
			);
			productRefGroup = 01FF37DC2C4B8327004F5F3A /* Products */;
			projectDirPath = "";
			projectRoot = "";
			targets = (
				01FF37DA2C4B8327004F5F3A /* Setting */,
			);
		};
/* End PBXProject section */

/* Begin PBXResourcesBuildPhase section */
		01FF37D92C4B8327004F5F3A /* Resources */ = {
			isa = PBXResourcesBuildPhase;
			buildActionMask = 2147483647;
			files = (
				01FF37E82C4B8328004F5F3A /* Assets.xcassets in Resources */,
				01FF37EB2C4B8328004F5F3A /* Base in Resources */,
			);
			runOnlyForDeploymentPostprocessing = 0;
		};
/* End PBXResourcesBuildPhase section */

/* Begin PBXSourcesBuildPhase section */
		01FF37D72C4B8327004F5F3A /* Sources */ = {
			isa = PBXSourcesBuildPhase;
			buildActionMask = 2147483647;
			files = (
				01FF37FC2C4B959F004F5F3A /* Observable.swift in Sources */,
				01FF37E32C4B8327004F5F3A /* SettingsViewController.swift in Sources */,
				01FF37F32C4B8AC2004F5F3A /* BaseViewController.swift in Sources */,
				01FF37DF2C4B8327004F5F3A /* AppDelegate.swift in Sources */,
				01FF37E12C4B8327004F5F3A /* SceneDelegate.swift in Sources */,
				01FF37F62C4B946C004F5F3A /* SettingsItem.swift in Sources */,
				01FF37FA2C4B9519004F5F3A /* SettingsViewModel.swift in Sources */,
			);
			runOnlyForDeploymentPostprocessing = 0;
		};
/* End PBXSourcesBuildPhase section */

/* Begin PBXVariantGroup section */
		01FF37E92C4B8328004F5F3A /* LaunchScreen.storyboard */ = {
			isa = PBXVariantGroup;
			children = (
				01FF37EA2C4B8328004F5F3A /* Base */,
			);
			name = LaunchScreen.storyboard;
			sourceTree = "<group>";
		};
/* End PBXVariantGroup section */

/* Begin XCBuildConfiguration section */
		01FF37ED2C4B8328004F5F3A /* Debug */ = {
			isa = XCBuildConfiguration;
			buildSettings = {
				ALWAYS_SEARCH_USER_PATHS = NO;
				ASSETCATALOG_COMPILER_GENERATE_SWIFT_ASSET_SYMBOL_EXTENSIONS = YES;
				CLANG_ANALYZER_NONNULL = YES;
				CLANG_ANALYZER_NUMBER_OBJECT_CONVERSION = YES_AGGRESSIVE;
				CLANG_CXX_LANGUAGE_STANDARD = "gnu++20";
				CLANG_ENABLE_MODULES = YES;
				CLANG_ENABLE_OBJC_ARC = YES;
				CLANG_ENABLE_OBJC_WEAK = YES;
				CLANG_WARN_BLOCK_CAPTURE_AUTORELEASING = YES;
				CLANG_WARN_BOOL_CONVERSION = YES;
				CLANG_WARN_COMMA = YES;
				CLANG_WARN_CONSTANT_CONVERSION = YES;
				CLANG_WARN_DEPRECATED_OBJC_IMPLEMENTATIONS = YES;
				CLANG_WARN_DIRECT_OBJC_ISA_USAGE = YES_ERROR;
				CLANG_WARN_DOCUMENTATION_COMMENTS = YES;
				CLANG_WARN_EMPTY_BODY = YES;
				CLANG_WARN_ENUM_CONVERSION = YES;
				CLANG_WARN_INFINITE_RECURSION = YES;
				CLANG_WARN_INT_CONVERSION = YES;
				CLANG_WARN_NON_LITERAL_NULL_CONVERSION = YES;
				CLANG_WARN_OBJC_IMPLICIT_RETAIN_SELF = YES;
				CLANG_WARN_OBJC_LITERAL_CONVERSION = YES;
				CLANG_WARN_OBJC_ROOT_CLASS = YES_ERROR;
				CLANG_WARN_QUOTED_INCLUDE_IN_FRAMEWORK_HEADER = YES;
				CLANG_WARN_RANGE_LOOP_ANALYSIS = YES;
				CLANG_WARN_STRICT_PROTOTYPES = YES;
				CLANG_WARN_SUSPICIOUS_MOVE = YES;
				CLANG_WARN_UNGUARDED_AVAILABILITY = YES_AGGRESSIVE;
				CLANG_WARN_UNREACHABLE_CODE = YES;
				CLANG_WARN__DUPLICATE_METHOD_MATCH = YES;
				COPY_PHASE_STRIP = NO;
				DEBUG_INFORMATION_FORMAT = dwarf;
				ENABLE_STRICT_OBJC_MSGSEND = YES;
				ENABLE_TESTABILITY = YES;
				ENABLE_USER_SCRIPT_SANDBOXING = YES;
				GCC_C_LANGUAGE_STANDARD = gnu17;
				GCC_DYNAMIC_NO_PIC = NO;
				GCC_NO_COMMON_BLOCKS = YES;
				GCC_OPTIMIZATION_LEVEL = 0;
				GCC_PREPROCESSOR_DEFINITIONS = (
					"DEBUG=1",
					"$(inherited)",
				);
				GCC_WARN_64_TO_32_BIT_CONVERSION = YES;
				GCC_WARN_ABOUT_RETURN_TYPE = YES_ERROR;
				GCC_WARN_UNDECLARED_SELECTOR = YES;
				GCC_WARN_UNINITIALIZED_AUTOS = YES_AGGRESSIVE;
				GCC_WARN_UNUSED_FUNCTION = YES;
				GCC_WARN_UNUSED_VARIABLE = YES;
				IPHONEOS_DEPLOYMENT_TARGET = 17.4;
				LOCALIZATION_PREFERS_STRING_CATALOGS = YES;
				MTL_ENABLE_DEBUG_INFO = INCLUDE_SOURCE;
				MTL_FAST_MATH = YES;
				ONLY_ACTIVE_ARCH = YES;
				SDKROOT = iphoneos;
				SWIFT_ACTIVE_COMPILATION_CONDITIONS = "DEBUG $(inherited)";
				SWIFT_OPTIMIZATION_LEVEL = "-Onone";
			};
			name = Debug;
		};
		01FF37EE2C4B8328004F5F3A /* Release */ = {
			isa = XCBuildConfiguration;
			buildSettings = {
				ALWAYS_SEARCH_USER_PATHS = NO;
				ASSETCATALOG_COMPILER_GENERATE_SWIFT_ASSET_SYMBOL_EXTENSIONS = YES;
				CLANG_ANALYZER_NONNULL = YES;
				CLANG_ANALYZER_NUMBER_OBJECT_CONVERSION = YES_AGGRESSIVE;
				CLANG_CXX_LANGUAGE_STANDARD = "gnu++20";
				CLANG_ENABLE_MODULES = YES;
				CLANG_ENABLE_OBJC_ARC = YES;
				CLANG_ENABLE_OBJC_WEAK = YES;
				CLANG_WARN_BLOCK_CAPTURE_AUTORELEASING = YES;
				CLANG_WARN_BOOL_CONVERSION = YES;
				CLANG_WARN_COMMA = YES;
				CLANG_WARN_CONSTANT_CONVERSION = YES;
				CLANG_WARN_DEPRECATED_OBJC_IMPLEMENTATIONS = YES;
				CLANG_WARN_DIRECT_OBJC_ISA_USAGE = YES_ERROR;
				CLANG_WARN_DOCUMENTATION_COMMENTS = YES;
				CLANG_WARN_EMPTY_BODY = YES;
				CLANG_WARN_ENUM_CONVERSION = YES;
				CLANG_WARN_INFINITE_RECURSION = YES;
				CLANG_WARN_INT_CONVERSION = YES;
				CLANG_WARN_NON_LITERAL_NULL_CONVERSION = YES;
				CLANG_WARN_OBJC_IMPLICIT_RETAIN_SELF = YES;
				CLANG_WARN_OBJC_LITERAL_CONVERSION = YES;
				CLANG_WARN_OBJC_ROOT_CLASS = YES_ERROR;
				CLANG_WARN_QUOTED_INCLUDE_IN_FRAMEWORK_HEADER = YES;
				CLANG_WARN_RANGE_LOOP_ANALYSIS = YES;
				CLANG_WARN_STRICT_PROTOTYPES = YES;
				CLANG_WARN_SUSPICIOUS_MOVE = YES;
				CLANG_WARN_UNGUARDED_AVAILABILITY = YES_AGGRESSIVE;
				CLANG_WARN_UNREACHABLE_CODE = YES;
				CLANG_WARN__DUPLICATE_METHOD_MATCH = YES;
				COPY_PHASE_STRIP = NO;
				DEBUG_INFORMATION_FORMAT = "dwarf-with-dsym";
				ENABLE_NS_ASSERTIONS = NO;
				ENABLE_STRICT_OBJC_MSGSEND = YES;
				ENABLE_USER_SCRIPT_SANDBOXING = YES;
				GCC_C_LANGUAGE_STANDARD = gnu17;
				GCC_NO_COMMON_BLOCKS = YES;
				GCC_WARN_64_TO_32_BIT_CONVERSION = YES;
				GCC_WARN_ABOUT_RETURN_TYPE = YES_ERROR;
				GCC_WARN_UNDECLARED_SELECTOR = YES;
				GCC_WARN_UNINITIALIZED_AUTOS = YES_AGGRESSIVE;
				GCC_WARN_UNUSED_FUNCTION = YES;
				GCC_WARN_UNUSED_VARIABLE = YES;
				IPHONEOS_DEPLOYMENT_TARGET = 17.4;
				LOCALIZATION_PREFERS_STRING_CATALOGS = YES;
				MTL_ENABLE_DEBUG_INFO = NO;
				MTL_FAST_MATH = YES;
				SDKROOT = iphoneos;
				SWIFT_COMPILATION_MODE = wholemodule;
				VALIDATE_PRODUCT = YES;
			};
			name = Release;
		};
		01FF37F02C4B8328004F5F3A /* Debug */ = {
			isa = XCBuildConfiguration;
			buildSettings = {
				ASSETCATALOG_COMPILER_APPICON_NAME = AppIcon;
				ASSETCATALOG_COMPILER_GLOBAL_ACCENT_COLOR_NAME = AccentColor;
				CODE_SIGN_STYLE = Automatic;
				CURRENT_PROJECT_VERSION = 1;
				DEVELOPMENT_TEAM = 7S6PH8TVFD;
				GENERATE_INFOPLIST_FILE = YES;
				INFOPLIST_FILE = Setting/Info.plist;
				INFOPLIST_KEY_UIApplicationSupportsIndirectInputEvents = YES;
				INFOPLIST_KEY_UILaunchStoryboardName = LaunchScreen;
				INFOPLIST_KEY_UISupportedInterfaceOrientations = UIInterfaceOrientationPortrait;
				INFOPLIST_KEY_UISupportedInterfaceOrientations_iPad = "UIInterfaceOrientationLandscapeLeft UIInterfaceOrientationLandscapeRight UIInterfaceOrientationPortrait UIInterfaceOrientationPortraitUpsideDown";
				LD_RUNPATH_SEARCH_PATHS = (
					"$(inherited)",
					"@executable_path/Frameworks",
				);
				MARKETING_VERSION = 1.0;
				PRODUCT_BUNDLE_IDENTIFIER = com.seokho.Setting;
				PRODUCT_NAME = "$(TARGET_NAME)";
				SUPPORTED_PLATFORMS = "iphoneos iphonesimulator";
				SUPPORTS_MACCATALYST = NO;
				SUPPORTS_MAC_DESIGNED_FOR_IPHONE_IPAD = NO;
				SUPPORTS_XR_DESIGNED_FOR_IPHONE_IPAD = NO;
				SWIFT_EMIT_LOC_STRINGS = YES;
				SWIFT_VERSION = 5.0;
				TARGETED_DEVICE_FAMILY = 1;
			};
			name = Debug;
		};
		01FF37F12C4B8328004F5F3A /* Release */ = {
			isa = XCBuildConfiguration;
			buildSettings = {
				ASSETCATALOG_COMPILER_APPICON_NAME = AppIcon;
				ASSETCATALOG_COMPILER_GLOBAL_ACCENT_COLOR_NAME = AccentColor;
				CODE_SIGN_STYLE = Automatic;
				CURRENT_PROJECT_VERSION = 1;
				DEVELOPMENT_TEAM = 7S6PH8TVFD;
				GENERATE_INFOPLIST_FILE = YES;
				INFOPLIST_FILE = Setting/Info.plist;
				INFOPLIST_KEY_UIApplicationSupportsIndirectInputEvents = YES;
				INFOPLIST_KEY_UILaunchStoryboardName = LaunchScreen;
				INFOPLIST_KEY_UISupportedInterfaceOrientations = UIInterfaceOrientationPortrait;
				INFOPLIST_KEY_UISupportedInterfaceOrientations_iPad = "UIInterfaceOrientationLandscapeLeft UIInterfaceOrientationLandscapeRight UIInterfaceOrientationPortrait UIInterfaceOrientationPortraitUpsideDown";
				LD_RUNPATH_SEARCH_PATHS = (
					"$(inherited)",
					"@executable_path/Frameworks",
				);
				MARKETING_VERSION = 1.0;
				PRODUCT_BUNDLE_IDENTIFIER = com.seokho.Setting;
				PRODUCT_NAME = "$(TARGET_NAME)";
				SUPPORTED_PLATFORMS = "iphoneos iphonesimulator";
				SUPPORTS_MACCATALYST = NO;
				SUPPORTS_MAC_DESIGNED_FOR_IPHONE_IPAD = NO;
				SUPPORTS_XR_DESIGNED_FOR_IPHONE_IPAD = NO;
				SWIFT_EMIT_LOC_STRINGS = YES;
				SWIFT_VERSION = 5.0;
				TARGETED_DEVICE_FAMILY = 1;
			};
			name = Release;
		};
/* End XCBuildConfiguration section */

/* Begin XCConfigurationList section */
		01FF37D62C4B8327004F5F3A /* Build configuration list for PBXProject "Setting" */ = {
			isa = XCConfigurationList;
			buildConfigurations = (
				01FF37ED2C4B8328004F5F3A /* Debug */,
				01FF37EE2C4B8328004F5F3A /* Release */,
			);
			defaultConfigurationIsVisible = 0;
			defaultConfigurationName = Release;
		};
		01FF37EF2C4B8328004F5F3A /* Build configuration list for PBXNativeTarget "Setting" */ = {
			isa = XCConfigurationList;
			buildConfigurations = (
				01FF37F02C4B8328004F5F3A /* Debug */,
				01FF37F12C4B8328004F5F3A /* Release */,
			);
			defaultConfigurationIsVisible = 0;
			defaultConfigurationName = Release;
		};
/* End XCConfigurationList section */

/* Begin XCRemoteSwiftPackageReference section */
		01FF37FD2C4B9F3C004F5F3A /* XCRemoteSwiftPackageReference "SnapKit" */ = {
			isa = XCRemoteSwiftPackageReference;
			repositoryURL = "https://github.com/SnapKit/SnapKit";
			requirement = {
				kind = upToNextMajorVersion;
				minimumVersion = 5.7.1;
			};
		};
/* End XCRemoteSwiftPackageReference section */

/* Begin XCSwiftPackageProductDependency section */
		01FF37FE2C4B9F3C004F5F3A /* SnapKit */ = {
			isa = XCSwiftPackageProductDependency;
			package = 01FF37FD2C4B9F3C004F5F3A /* XCRemoteSwiftPackageReference "SnapKit" */;
			productName = SnapKit;
		};
/* End XCSwiftPackageProductDependency section */
	};
	rootObject = 01FF37D32C4B8327004F5F3A /* Project object */;
}
